# This file was autogenerated by uv via the following command:
#    uv pip compile machine-learning/requirements.txt --universal --python-version 3.12 --only-binary :all: --generate-hashes --output-file machine-learning/requirements.lock --cache-dir tmp/uv-cache
annotated-types==0.8.0 \
    --hash=sha256:13b2beaad985e05e2d6407ee4c4f35590b11f8d693a258a561055cac8f64cab7 \
    --hash=sha256:f072f4d804ea359e4eaf198b1af7a8b0943881a87f31bb764f8bf219bb9419e0
    # via pydantic
anyio==4.15.1 \
    --hash=sha256:6152fdbbf9a77fdec97731721bebf7c4c44f7c29b424b0065826173efc7ed101 \
    --hash=sha256:9f28306018cbd6d329e64a36d58256edff76dd996fe423bc957326e578b82a94
    # via starlette
click==8.5.0 \
    --hash=sha256:255bc9599cf7748b4b1a446ccc735421bd08a2ae529a8b88597d3de5664ee360 \
    --hash=sha256:ba0d2089de75ea0310e2dde03160e6ca10009947fb95a182f9b54021bb272e34
    # via uvicorn
fastapi==0.115.6 \
    --hash=sha256:9ec46f7addc14ea472958a96aae5b5de65f39721a46aaf5705c480d9a8b76654 \
    --hash=sha256:e9240b29e36fa8f4bb7290316988e90c381e5092e0cbe84e7818cc3713bcf305
    # via -r machine-learning/requirements.txt
h11==0.16.0 \
    --hash=sha256:4e35b956cf45792e4caa5885e69fba00bdbc6ffafbfa020300e549b208ee5ff1 \
    --hash=sha256:63cf8bbe7522de3bf65932fda1d9c2772064ffb3dae62d55932da54b31cb6c86
    # via uvicorn
idna==3.20 \
    --hash=sha256:a7db850025b95ded1eae8a46181a1a6c56c92c96f0e2b005d9ff8dc0210cab44 \
    --hash=sha256:ab7ae7122974553370f0bdb919e1a960b2cd1bc1ef0276416d896db81c14582c
    # via anyio
joblib==1.4.2 \
    --hash=sha256:06d478d5674cbc267e7496a410ee875abd68e4340feff4490bcb7afb88060ae6 \
    --hash=sha256:2382c5816b2636fbd20a09e0f4e9dad4736765fdfb7dca582943b9c1366b3f0e
    # via
    #   -r machine-learning/requirements.txt
    #   scikit-learn
numpy==2.2.1 \
    --hash=sha256:059e6a747ae84fce488c3ee397cee7e5f905fd1bda5fb18c66bc41807ff119b2 \
    --hash=sha256:08ef779aed40dbc52729d6ffe7dd51df85796a702afbf68a4f4e41fafdc8bda5 \
    --hash=sha256:164a829b6aacf79ca47ba4814b130c4020b202522a93d7bff2202bfb33b61c60 \
    --hash=sha256:26c9c4382b19fcfbbed3238a14abf7ff223890ea1936b8890f058e7ba35e8d71 \
    --hash=sha256:27f5cdf9f493b35f7e41e8368e7d7b4bbafaf9660cba53fb21d2cd174ec09631 \
    --hash=sha256:31b89fa67a8042e96715c68e071a1200c4e172f93b0fbe01a14c0ff3ff820fc8 \
    --hash=sha256:32cb94448be47c500d2c7a95f93e2f21a01f1fd05dd2beea1ccd049bb6001cd2 \
    --hash=sha256:360137f8fb1b753c5cde3ac388597ad680eccbbbb3865ab65efea062c4a1fd16 \
    --hash=sha256:3683a8d166f2692664262fd4900f207791d005fb088d7fdb973cc8d663626faa \
    --hash=sha256:38efc1e56b73cc9b182fe55e56e63b044dd26a72128fd2fbd502f75555d92591 \
    --hash=sha256:3d03883435a19794e41f147612a77a8f56d4e52822337844fff3d4040a142964 \
    --hash=sha256:3ecc47cd7f6ea0336042be87d9e7da378e5c7e9b3c8ad0f7c966f714fc10d821 \
    --hash=sha256:40f9e544c1c56ba8f1cf7686a8c9b5bb249e665d40d626a23899ba6d5d9e1484 \
    --hash=sha256:4250888bcb96617e00bfa28ac24850a83c9f3a16db471eca2ee1f1714df0f957 \
    --hash=sha256:4511d9e6071452b944207c8ce46ad2f897307910b402ea5fa975da32e0102800 \
    --hash=sha256:45681fd7128c8ad1c379f0ca0776a8b0c6583d2f69889ddac01559dfe4390918 \
    --hash=sha256:48fd472630715e1c1c89bf1feab55c29098cb403cc184b4859f9c86d4fcb6a95 \
    --hash=sha256:4c86e2a209199ead7ee0af65e1d9992d1dce7e1f63c4b9a616500f93820658d0 \
    --hash=sha256:4dfda918a13cc4f81e9118dea249e192ab167a0bb1966272d5503e39234d694e \
    --hash=sha256:5062dc1a4e32a10dc2b8b13cedd58988261416e811c1dc4dbdea4f57eea61b0d \
    --hash=sha256:51faf345324db860b515d3f364eaa93d0e0551a88d6218a7d61286554d190d73 \
    --hash=sha256:526fc406ab991a340744aad7e25251dd47a6720a685fa3331e5c59fef5282a59 \
    --hash=sha256:53c09385ff0b72ba79d8715683c1168c12e0b6e84fb0372e97553d1ea91efe51 \
    --hash=sha256:55ba24ebe208344aa7a00e4482f65742969a039c2acfcb910bc6fcd776eb4355 \
    --hash=sha256:5b6c390bfaef8c45a260554888966618328d30e72173697e5cabe6b285fb2348 \
    --hash=sha256:5c5cc0cbabe9452038ed984d05ac87910f89370b9242371bd9079cb4af61811e \
    --hash=sha256:5edb4e4caf751c1518e6a26a83501fda79bff41cc59dac48d70e6d65d4ec4440 \
    --hash=sha256:61048b4a49b1c93fe13426e04e04fdf5a03f456616f6e98c7576144677598675 \
    --hash=sha256:676f4eebf6b2d430300f1f4f4c2461685f8269f94c89698d832cdf9277f30b84 \
    --hash=sha256:67d4cda6fa6ffa073b08c8372aa5fa767ceb10c9a0587c707505a6d426f4e046 \
    --hash=sha256:694f9e921a0c8f252980e85bce61ebbd07ed2b7d4fa72d0e4246f2f8aa6642ab \
    --hash=sha256:733585f9f4b62e9b3528dd1070ec4f52b8acf64215b60a845fa13ebd73cd0712 \
    --hash=sha256:7671dc19c7019103ca44e8d94917eba8534c76133523ca8406822efdd19c9308 \
    --hash=sha256:780077d95eafc2ccc3ced969db22377b3864e5b9a0ea5eb347cc93b3ea900315 \
    --hash=sha256:7ba9cc93a91d86365a5d270dee221fdc04fb68d7478e6bf6af650de78a8339e3 \
    --hash=sha256:89b16a18e7bba224ce5114db863e7029803c179979e1af6ad6a6b11f70545008 \
    --hash=sha256:9036d6365d13b6cbe8f27a0eaf73ddcc070cae584e5ff94bb45e3e9d729feab5 \
    --hash=sha256:93cf4e045bae74c90ca833cba583c14b62cb4ba2cba0abd2b141ab52548247e2 \
    --hash=sha256:9ad014faa93dbb52c80d8f4d3dcf855865c876c9660cb9bd7553843dd03a4b1e \
    --hash=sha256:9b1d07b53b78bf84a96898c1bc139ad7f10fda7423f5fd158fd0f47ec5e01ac7 \
    --hash=sha256:a7746f235c47abc72b102d3bce9977714c2444bdfaea7888d241b4c4bb6a78bf \
    --hash=sha256:aa3017c40d513ccac9621a2364f939d39e550c542eb2a894b4c8da92b38896ab \
    --hash=sha256:b34d87e8a3090ea626003f87f9392b3929a7bbf4104a05b6667348b6bd4bf1cd \
    --hash=sha256:b541032178a718c165a49638d28272b771053f628382d5e9d1c93df23ff58dbf \
    --hash=sha256:ba5511d8f31c033a5fcbda22dd5c813630af98c70b2661f2d2c654ae3cdfcfc8 \
    --hash=sha256:bc8a37ad5b22c08e2dbd27df2b3ef7e5c0864235805b1e718a235bcb200cf1cb \
    --hash=sha256:bff7d8ec20f5f42607599f9994770fa65d76edca264a87b5e4ea5629bce12268 \
    --hash=sha256:c1ad395cf254c4fbb5b2132fee391f361a6e8c1adbd28f2cd8e79308a615fe9d \
    --hash=sha256:f1d09e520217618e76396377c81fba6f290d5f926f50c35f3a5f72b01a0da780 \
    --hash=sha256:f3eac17d9ec51be534685ba877b6ab5edc3ab7ec95c8f163e5d7b39859524716 \
    --hash=sha256:f419290bc8968a46c4933158c91a0012b7a99bb2e465d5ef5293879742f8797e \
    --hash=sha256:f62aa6ee4eb43b024b0e5a01cf65a0bb078ef8c395e8713c6e8a12a697144528 \
    --hash=sha256:f74e6fdeb9a265624ec3a3918430205dff1df7e95a230779746a6af78bc615af \
    --hash=sha256:f9b57eaa3b0cd8db52049ed0330747b0364e899e8a606a624813452b8203d5f7 \
    --hash=sha256:fce4f615f8ca31b2e61aa0eb5865a21e14f5629515c9151850aa936c02a1ee51
    # via
    #   -r machine-learning/requirements.txt
    #   scikit-learn
    #   scipy
    #   xgboost
nvidia-nccl-cu12==2.31.2 ; platform_machine != 'aarch64' and sys_platform == 'linux' \
    --hash=sha256:f208de397e431631eab0eca946444404a495d43a007535baa333d7de9e510ca2 \
    --hash=sha256:f9b1dc3c2a7e20176054144ebb3b32fea83b40402ee5d7ac7045cd11ecc956c0
    # via xgboost
pydantic==2.10.4 \
    --hash=sha256:597e135ea68be3a37552fb524bc7d0d66dcf93d395acd93a00682f1efcb8ee3d \
    --hash=sha256:82f12e9723da6de4fe2ba888b5971157b3be7ad914267dea8f05f82b28254f06
    # via
    #   -r machine-learning/requirements.txt
    #   fastapi
pydantic-core==2.27.2 \
    --hash=sha256:00bad2484fa6bda1e216e7345a798bd37c68fb2d97558edd584942aa41b7d278 \
    --hash=sha256:0296abcb83a797db256b773f45773da397da75a08f5fcaef41f2044adec05f50 \
    --hash=sha256:03d0f86ea3184a12f41a2d23f7ccb79cdb5a18e06993f8a45baa8dfec746f0e9 \
    --hash=sha256:044a50963a614ecfae59bb1eaf7ea7efc4bc62f49ed594e18fa1e5d953c40e9f \
    --hash=sha256:05e3a55d124407fffba0dd6b0c0cd056d10e983ceb4e5dbd10dda135c31071d6 \
    --hash=sha256:08e125dbdc505fa69ca7d9c499639ab6407cfa909214d500897d02afb816e7cc \
    --hash=sha256:097830ed52fd9e427942ff3b9bc17fab52913b2f50f2880dc4a5611446606a54 \
    --hash=sha256:0d1e85068e818c73e048fe28cfc769040bb1f475524f4745a5dc621f75ac7630 \
    --hash=sha256:0d75070718e369e452075a6017fbf187f788e17ed67a3abd47fa934d001863d9 \
    --hash=sha256:14d4a5c49d2f009d62a2a7140d3064f686d17a5d1a268bc641954ba181880236 \
    --hash=sha256:172fce187655fece0c90d90a678424b013f8fbb0ca8b036ac266749c09438cb7 \
    --hash=sha256:18a101c168e4e092ab40dbc2503bdc0f62010e95d292b27827871dc85450d7ee \
    --hash=sha256:1a4207639fb02ec2dbb76227d7c751a20b1a6b4bc52850568e52260cae64ca3b \
    --hash=sha256:1c1fd185014191700554795c99b347d64f2bb637966c4cfc16998a0ca700d048 \
    --hash=sha256:1e2cb691ed9834cd6a8be61228471d0a503731abfb42f82458ff27be7b2186fc \
    --hash=sha256:1ebaf1d0481914d004a573394f4be3a7616334be70261007e47c2a6fe7e50130 \
    --hash=sha256:220f892729375e2d736b97d0e51466252ad84c51857d4d15f5e9692f9ef12be4 \
    --hash=sha256:251136cdad0cb722e93732cb45ca5299fb56e1344a833640bf93b2803f8d1bfd \
    --hash=sha256:26f0d68d4b235a2bae0c3fc585c585b4ecc51382db0e3ba402a22cbc440915e4 \
    --hash=sha256:26f32e0adf166a84d0cb63be85c562ca8a6fa8de28e5f0d92250c6b7e9e2aff7 \
    --hash=sha256:280d219beebb0752699480fe8f1dc61ab6615c2046d76b7ab7ee38858de0a4e7 \
    --hash=sha256:28ccb213807e037460326424ceb8b5245acb88f32f3d2777427476e1b32c48c4 \
    --hash=sha256:2bf14caea37e91198329b828eae1618c068dfb8ef17bb33287a7ad4b61ac314e \
    --hash=sha256:2d367ca20b2f14095a8f4fa1210f5a7b78b8a20009ecced6b12818f455b1e9fa \
    --hash=sha256:30c5f68ded0c36466acede341551106821043e9afaad516adfb6e8fa80a4e6a6 \
    --hash=sha256:337b443af21d488716f8d0b6164de833e788aa6bd7e3a39c005febc1284f4962 \
    --hash=sha256:3911ac9284cd8a1792d3cb26a2da18f3ca26c6908cc434a18f730dc0db7bfa3b \
    --hash=sha256:3d591580c34f4d731592f0e9fe40f9cc1b430d297eecc70b962e93c5c668f15f \
    --hash=sha256:3de3ce3c9ddc8bbd88f6e0e304dea0e66d843ec9de1b0042b0911c1663ffd474 \
    --hash=sha256:3de9961f2a346257caf0aa508a4da705467f53778e9ef6fe744c038119737ef5 \
    --hash=sha256:40d02e7d45c9f8af700f3452f329ead92da4c5f4317ca9b896de7ce7199ea459 \
    --hash=sha256:42c5f762659e47fdb7b16956c71598292f60a03aa92f8b6351504359dbdba6cf \
    --hash=sha256:47956ae78b6422cbd46f772f1746799cbb862de838fd8d1fbd34a82e05b0983a \
    --hash=sha256:491a2b73db93fab69731eaee494f320faa4e093dbed776be1a829c2eb222c34c \
    --hash=sha256:4c9775e339e42e79ec99c441d9730fccf07414af63eac2f0e48e08fd38a64d76 \
    --hash=sha256:4e0b4220ba5b40d727c7f879eac379b822eee5d8fff418e9d3381ee45b3b0362 \
    --hash=sha256:50a68f3e3819077be2c98110c1f9dcb3817e93f267ba80a2c05bb4f8799e2ff4 \
    --hash=sha256:519f29f5213271eeeeb3093f662ba2fd512b91c5f188f3bb7b27bc5973816934 \
    --hash=sha256:521eb9b7f036c9b6187f0b47318ab0d7ca14bd87f776240b90b21c1f4f149320 \
    --hash=sha256:57762139821c31847cfb2df63c12f725788bd9f04bc2fb392790959b8f70f118 \
    --hash=sha256:5e4f4bb20d75e9325cc9696c6802657b58bc1dbbe3022f32cc2b2b632c3fbb96 \
    --hash=sha256:5e68c4446fe0810e959cdff46ab0a41ce2f2c86d227d96dc3847af0ba7def306 \
    --hash=sha256:669e193c1c576a58f132e3158f9dfa9662969edb1a250c54d8fa52590045f046 \
    --hash=sha256:688d3fd9fcb71f41c4c015c023d12a79d1c4c0732ec9eb35d96e3388a120dcf3 \
    --hash=sha256:6fb4aadc0b9a0c063206846d603b92030eb6f03069151a625667f982887153e2 \
    --hash=sha256:7041c36f5680c6e0f08d922aed302e98b3745d97fe1589db0a3eebf6624523af \
    --hash=sha256:71b24c7d61131bb83df10cc7e687433609963a944ccf45190cfc21e0887b08c9 \
    --hash=sha256:77d1bca19b0f7021b3a982e6f903dcd5b2b06076def36a652e3907f596e29f67 \
    --hash=sha256:7969e133a6f183be60e9f6f56bfae753585680f3b7307a8e555a948d443cc05a \
    --hash=sha256:7a66efda2387de898c8f38c0cf7f14fca0b51a8ef0b24bfea5849f1b3c95af27 \
    --hash=sha256:7d0c8399fcc1848491f00e0314bd59fb34a9c008761bcb422a057670c3f65e35 \
    --hash=sha256:7d14bd329640e63852364c306f4d23eb744e0f8193148d4044dd3dacdaacbd8b \
    --hash=sha256:7e17b560be3c98a8e3aa66ce828bdebb9e9ac6ad5466fba92eb74c4c95cb1151 \
    --hash=sha256:8083d4e875ebe0b864ffef72a4304827015cff328a1be6e22cc850753bfb122b \
    --hash=sha256:82f91663004eb8ed30ff478d77c4d1179b3563df6cdb15c0817cd1cdaf34d154 \
    --hash=sha256:82f986faf4e644ffc189a7f1aafc86e46ef70372bb153e7001e8afccc6e54133 \
    --hash=sha256:83097677b8e3bd7eaa6775720ec8e0405f1575015a463285a92bfdfe254529ef \
    --hash=sha256:85210c4d99a0114f5a9481b44560d7d1e35e32cc5634c656bc48e590b669b145 \
    --hash=sha256:8c19d1ea0673cd13cc2f872f6c9ab42acc4e4f492a7ca9d3795ce2b112dd7e15 \
    --hash=sha256:8d9b3388db186ba0c099a6d20f0604a44eabdeef1777ddd94786cdae158729e4 \
    --hash=sha256:8e10c99ef58cfdf2a66fc15d66b16c4a04f62bca39db589ae8cba08bc55331bc \
    --hash=sha256:953101387ecf2f5652883208769a79e48db18c6df442568a0b5ccd8c2723abee \
    --hash=sha256:9c3ed807c7b91de05e63930188f19e921d1fe90de6b4f5cd43ee7fcc3525cb8c \
    --hash=sha256:9e0c8cfefa0ef83b4da9588448b6d8d2a2bf1a53c3f1ae5fca39eb3061e2f0b0 \
    --hash=sha256:9fdbe7629b996647b99c01b37f11170a57ae675375b14b8c13b8518b8320ced5 \
    --hash=sha256:a0fcd29cd6b4e74fe8ddd2c90330fd8edf2e30cb52acda47f06dd615ae72da57 \
    --hash=sha256:ac4dbfd1691affb8f48c2c13241a2e3b60ff23247cbcf981759c768b6633cf8b \
    --hash=sha256:b0cb791f5b45307caae8810c2023a184c74605ec3bcbb67d13846c28ff731ff8 \
    --hash=sha256:ba5dd002f88b78a4215ed2f8ddbdf85e8513382820ba15ad5ad8955ce0ca19a1 \
    --hash=sha256:bca101c00bff0adb45a833f8451b9105d9df18accb8743b08107d7ada14bd7da \
    --hash=sha256:bd8086fa684c4775c27f03f062cbb9eaa6e17f064307e86b21b9e0abc9c0f02e \
    --hash=sha256:bec317a27290e2537f922639cafd54990551725fc844249e64c523301d0822fc \
    --hash=sha256:c10eb4f1659290b523af58fa7cffb452a61ad6ae5613404519aee4bfbf1df993 \
    --hash=sha256:c33939a82924da9ed65dab5a65d427205a73181d8098e79b6b426bdf8ad4e656 \
    --hash=sha256:c61709a844acc6bf0b7dce7daae75195a10aac96a596ea1b776996414791ede4 \
    --hash=sha256:c70c26d2c99f78b125a3459f8afe1aed4d9687c24fd677c6a4436bc042e50d6c \
    --hash=sha256:c817e2b40aba42bac6f457498dacabc568c3b7a986fc9ba7c8d9d260b71485fb \
    --hash=sha256:cabb9bcb7e0d97f74df8646f34fc76fbf793b7f6dc2438517d7a9e50eee4f14d \
    --hash=sha256:cc3f1a99a4f4f9dd1de4fe0312c114e740b5ddead65bb4102884b384c15d8bc9 \
    --hash=sha256:cca63613e90d001b9f2f9a9ceb276c308bfa2a43fafb75c8031c4f66039e8c6e \
    --hash=sha256:ce8918cbebc8da707ba805b7fd0b382816858728ae7fe19a942080c24e5b7cd1 \
    --hash=sha256:d2088237af596f0a524d3afc39ab3b036e8adb054ee57cbb1dcf8e09da5b29cc \
    --hash=sha256:d262606bf386a5ba0b0af3b97f37c83d7011439e3dc1a9298f21efb292e42f1a \
    --hash=sha256:d2d63f1215638d28221f664596b1ccb3944f6e25dd18cd3b86b0a4c408d5ebb9 \
    --hash=sha256:d3e8d504bdd3f10835468f29008d72fc8359d95c9c415ce6e767203db6127506 \
    --hash=sha256:d4041c0b966a84b4ae7a09832eb691a35aec90910cd2dbe7a208de59be77965b \
    --hash=sha256:d716e2e30c6f140d7560ef1538953a5cd1a87264c737643d481f2779fc247fe1 \
    --hash=sha256:d81d2068e1c1228a565af076598f9e7451712700b673de8f502f0334f281387d \
    --hash=sha256:d9640b0059ff4f14d1f37321b94061c6db164fbe49b334b31643e0528d100d99 \
    --hash=sha256:de3cd1899e2c279b140adde9357c4495ed9d47131b4a4eaff9052f23398076b3 \
    --hash=sha256:e0fd26b16394ead34a424eecf8a31a1f5137094cabe84a1bcb10fa6ba39d3d31 \
    --hash=sha256:e2bb4d3e5873c37bb3dd58714d4cd0b0e6238cebc4177ac8fe878f8b3aa8e74c \
    --hash=sha256:eb026e5a4c1fee05726072337ff51d1efb6f59090b7da90d30ea58625b1ffb39 \
    --hash=sha256:eda3f5c2a021bbc5d976107bb302e0131351c2ba54343f8a496dc8783d3d3a6a \
    --hash=sha256:ef592d4bad47296fb11f96cd7dc898b92e795032b4894dfb4076cfccd43a9308 \
    --hash=sha256:f141ee28a0ad2123b6611b6ceff018039df17f32ada8b534e6aa039545a3efb2 \
    --hash=sha256:f66d89ba397d92f840f8654756196d93804278457b5fbede59598a1f9f90b228 \
    --hash=sha256:f6f8e111843bbb0dee4cb6594cdc73e79b3329b526037ec242a3e49012495b3b \
    --hash=sha256:fa8e459d4954f608fa26116118bb67f56b93b209c39b008277ace29937453dc9 \
    --hash=sha256:fd1aea04935a508f62e0d0ef1f5ae968774a32afc306fb8545e06f5ff5cdf3ad
    # via pydantic
scikit-learn==1.6.1 \
    --hash=sha256:0650e730afb87402baa88afbf31c07b84c98272622aaba002559b614600ca691 \
    --hash=sha256:0c8d036eb937dbb568c6242fa598d551d88fb4399c0344d95c001980ec1c7d36 \
    --hash=sha256:1061b7c028a8663fb9a1a1baf9317b64a257fcb036dae5c8752b2abef31d136f \
    --hash=sha256:25fc636bdaf1cc2f4a124a116312d837148b5e10872147bdaf4887926b8c03d8 \
    --hash=sha256:2c2cae262064e6a9b77eee1c8e768fc46aa0b8338c6a8297b9b6759720ec0ff2 \
    --hash=sha256:2e69fab4ebfc9c9b580a7a80111b43d214ab06250f8a7ef590a4edf72464dd86 \
    --hash=sha256:2ffa1e9e25b3d93990e74a4be2c2fc61ee5af85811562f1288d5d055880c4322 \
    --hash=sha256:3f59fe08dc03ea158605170eb52b22a105f238a5d512c4470ddeca71feae8e5f \
    --hash=sha256:44a17798172df1d3c1065e8fcf9019183f06c87609b49a124ebdf57ae6cb0107 \
    --hash=sha256:6849dd3234e87f55dce1db34c89a810b489ead832aaf4d4550b7ea85628be6c1 \
    --hash=sha256:6a7aa5f9908f0f28f4edaa6963c0a6183f1911e63a69aa03782f0d924c830a35 \
    --hash=sha256:70b1d7e85b1c96383f872a519b3375f92f14731e279a7b4c6cfd650cf5dffc52 \
    --hash=sha256:72abc587c75234935e97d09aa4913a82f7b03ee0b74111dcc2881cba3c5a7b33 \
    --hash=sha256:775da975a471c4f6f467725dff0ced5c7ac7bda5e9316b260225b48475279a1b \
    --hash=sha256:7a1c43c8ec9fde528d664d947dc4c0789be4077a3647f232869f41d9bf50e0fb \
    --hash=sha256:7a73d457070e3318e32bdb3aa79a8d990474f19035464dfd8bede2883ab5dc3b \
    --hash=sha256:8634c4bd21a2a813e0a7e3900464e6d593162a29dd35d25bdf0103b3fce60ed5 \
    --hash=sha256:8a600c31592bd7dab31e1c61b9bbd6dea1b3433e67d264d17ce1017dbdce8002 \
    --hash=sha256:926f207c804104677af4857b2c609940b743d04c4c35ce0ddc8ff4f053cddc1b \
    --hash=sha256:a17c1dea1d56dcda2fac315712f3651a1fea86565b64b48fa1bc090249cbf236 \
    --hash=sha256:b3b00cdc8f1317b5f33191df1386c0befd16625f49d979fe77a8d44cae82410d \
    --hash=sha256:b4fc2525eca2c69a59260f583c56a7557c6ccdf8deafdba6e060f94c1c59738e \
    --hash=sha256:b8b7a3b86e411e4bce21186e1c180d792f3d99223dcfa3b4f597ecc92fa1a422 \
    --hash=sha256:c06beb2e839ecc641366000ca84f3cf6fa9faa1777e29cf0c04be6e4d096a348 \
    --hash=sha256:d056391530ccd1e501056160e3c9673b4da4805eb67eb2bdf4e983e1f9c9204e \
    --hash=sha256:dc4765af3386811c3ca21638f63b9cf5ecf66261cc4815c1db3f1e7dc7b79db2 \
    --hash=sha256:dc5cf3d68c5a20ad6d571584c0750ec641cc46aeef1c1507be51300e6003a7e1 \
    --hash=sha256:e7be3fa5d2eb9be7d77c3734ff1d599151bb523674be9b834e8da6abe132f44e \
    --hash=sha256:e8ca8cb270fee8f1f76fa9bfd5c3507d60c6438bbee5687f81042e2bb98e5a97 \
    --hash=sha256:fa909b1a36e000a03c382aade0bd2063fd5680ff8b8e501660c0f59f021a6415
    # via -r machine-learning/requirements.txt
scipy==1.18.1 \
    --hash=sha256:011413b7426b75012840e35649e00fe0a2c3bae89fed433876e3a99251572efc \
    --hash=sha256:0ac49ea97594532dd44b7136094d35f5440fa06e6d9c6384a74c01764df388c5 \
    --hash=sha256:0e82073ecc7acc6436fac4b31674109c7e1d3e596789767eda01258a8c9e8123 \
    --hash=sha256:0fcb3c93519f27bb4f0c4b0f7802cdcaca7fcf93267b75edda2e9f4e8a55cbd7 \
    --hash=sha256:10ac20c69d880f77f375db44c22e3e6a644f9fefa291d4cd2fb9790a89fc99fd \
    --hash=sha256:11c423f1049c5755ad4409af52a9ada1cff96fe9b50795d4af3619f292901239 \
    --hash=sha256:179ce34a8d0fe273d8883ba59e17e052247d08973dfcb743ca52bb1cce2d60b0 \
    --hash=sha256:1bca3b943fc2567ea49cd02c99abde49da4d5178ec46f624bd8255cda8755beb \
    --hash=sha256:1d73131e358976663dd969e1fb4ed1404b815cd977eaaedc3b3a133ba2d81c35 \
    --hash=sha256:2a0b02f9fc46f8520330c23d45e6560db7e3a0d927232139427637f98943e11d \
    --hash=sha256:2d3ab0e8c69a17dd3559eab8cbb88f258e285c94d572c2719033f90f83290c89 \
    --hash=sha256:30f464bee641fa8e282577c7dce027308403213c6ca8270bba73285c91024bc5 \
    --hash=sha256:33a834464fdabc0f26a45508df31b3cc5d028e04dbf6c5ed398541418e0a12fe \
    --hash=sha256:3ab3523da44749156e1f68b464dc56af11ae4cbc5c739a49d05f32b982eca9f3 \
    --hash=sha256:3c085faa2cfa879c5141df483f836f4d691045a078224a670fa570fa01612d89 \
    --hash=sha256:457fd7a2a8edeb044ab6ffbc0aa03ff6cd18491356e5e0c834d76ce621b916d1 \
    --hash=sha256:49023963c193dacee096301452f223ee24d86ec5807f8df93c0f7221d119e305 \
    --hash=sha256:52c4b7422442aba924d03ad4019852b08a92e64ea187b933135687bfe2747307 \
    --hash=sha256:559ed65f60c1af5a03f3912605a1b5114f522c7c32fb23c3376ae8f03219fe28 \
    --hash=sha256:5632e3ae3d09197c446310cd5187de63e28448ce22f0f67b2b93d97503c0c230 \
    --hash=sha256:5e4d44984abc0020154ea81b247adeddcc3ac5527b975ff798bd1ba0adc513c2 \
    --hash=sha256:75b00eb8fb802090aa903f4ea1c7f5a584779f967361e68b7e98e531cc2d7174 \
    --hash=sha256:78a0d7c918e74a232394117160e7e3db503377572a45bcef8826e4ab8a35feba \
    --hash=sha256:78c0665edead396b1abb4897c41a5c1d9bf090c8a637a4c20a61678e0a264e66 \
    --hash=sha256:7bbf207c4453ce1ad2e00b17313852b33310b83090c2311bdaf97f93c0380d12 \
    --hash=sha256:7f4b8bc363b6d65ee2152bec57568e3c52639bb34c46057b09857a307ed5e21d \
    --hash=sha256:82f201b4c878551d48558337aab270d3c6cca5507b8737c8d8a608d234cccde0 \
    --hash=sha256:83de5453a7799afc9048b4616bd085cef126e36412f0ea2f6370c36a2a3a51e7 \
    --hash=sha256:88f0e784020649f88ea48c9f5ddfa403bf9205820667c0914740b392035afb82 \
    --hash=sha256:8bcf3c1ba5d6456e2effd30fcbd3459b044d683fcdac79a2e6830f0bdf7de487 \
    --hash=sha256:911de823097db8b63f034299d12662db93344e6ffa0b881cbb57748974b70168 \
    --hash=sha256:92c14f5bdbfb6216315ce33e78080474082de8b3830122ba97809bfbe65f75c0 \
    --hash=sha256:95298364e251be3e60249facbeeca03631d3bb7584f85879516ec55ac717b81f \
    --hash=sha256:9554bcc6d715ee87a633a3cc8e7703c6628b100dd29cb8a2efc4c0533c7ff729 \
    --hash=sha256:9f2897bf7737392ad0d5213ea7b6add72a4edf5679b3153106aeb88b6507b3b9 \
    --hash=sha256:a1d33a7836f7ddc1993427966a0823468ec41bcbdb1a9f9942d1d7e57f803ba3 \
    --hash=sha256:ac0333bdf38309aa3dcbe7e3fa7ea29e7a2c37c6ea306a757b700ded8e4596ad \
    --hash=sha256:bff0b729edd992766136b34e39cc76bc2fad905aa58897ee72a9cd000a6d8443 \
    --hash=sha256:c24acac1e18912761c4700239bbc1fd32f615af690f1584d49b35859be51324d \
    --hash=sha256:c35d74ce0e193ff740c2f2be2ac913ddc232fe6c1ff40b26cfecb9c670c63314 \
    --hash=sha256:c825cef2f49e46753726a7181a8e199804a912b29519ada542c6ebc654951899 \
    --hash=sha256:c9d18a33309122074ea483dd92dd444189166b8b2ec429fe9ed5ac73c7a0aa23 \
    --hash=sha256:cbf38d043c1aa4ab306e1ada6ab6eddacc3322a20b7af1b30bc93254b366fe09 \
    --hash=sha256:cd479fc04dd9401e3b4f49e76518768ef99c4f517a98c284eb091fd725719adf \
    --hash=sha256:ceb30a00ce7c92d459819443d29ca486d882b83fb6738bdcbb2a1cce94ac5daa \
    --hash=sha256:cfbf154f2ba187f2ed6cce2639efff7d105f1140573642c0161615b6d91d6a87 \
    --hash=sha256:d2924a03db38dc2e848bca2fe9f077dafb891480b91a00a0963a8cf86dfc31c1 \
    --hash=sha256:d416b16cccfd70fbf62400e84d0bb2f4e6af519a45557f1692c749b37f14b315 \
    --hash=sha256:d65d448389b8436493abcf629cc94ad0cf32aecaf06e1acca1de53cc795f2f12 \
    --hash=sha256:d84a09d0dad90ba6525d8ac1c2334b33e64bf3ccfe9e841f02feb867a22681e4 \
    --hash=sha256:ddef79fb382df40104a19bb7151b3b23e57c1778fcf857c71ceecd9bd264513f \
    --hash=sha256:e3b417bf8c2c7c16e8f58ad91db17783ec911ac16e7b50eb6eab6e809b4f5b07 \
    --hash=sha256:e402cf31eb68f453dbb2d36fc6d722b33f24a55d68b2ae1d92fa6305ca71c298 \
    --hash=sha256:e6fb6a55cc0ba97b59a1f288fb86dc6fce8bdfc0fffcbfd015e3a954bf2a2d93 \
    --hash=sha256:e708533e8b2ae2497d65346538a7dcc92814410b25b81432eac66de0f2af8265 \
    --hash=sha256:ea324d9dd34c38bfb9bec8ca4d1b407db97dbb74029f566b8e322b1b6fe56fe6 \
    --hash=sha256:eb0dfcf4e28a99c12c999744a2ff67c9b06200e20401c7c88186e33552a46331 \
    --hash=sha256:eda632a7981f69730d6281f451db9c1c370993a2c0d7ddb43e2a809a2862b83a \
    --hash=sha256:f29633129f9fa7e88a3f0fca835de2d030bfc9643f7799e1a0c46cee24d38fc7 \
    --hash=sha256:f55fa87b6c612ecd6b058f167c53231b1d14e412efe361d3d6e38b3631c73218 \
    --hash=sha256:fdaf5ea890a6183d0565f51a61799d67081bd5b1cf03c5f4b3fd3732108625c9
    # via
    #   scikit-learn
    #   xgboost
starlette==0.41.3 \
    --hash=sha256:0e4ab3d16522a255be6b28260b938eae2482f98ce5cc934cb08dce8dc3ba5835 \
    --hash=sha256:44cedb2b7c77a9de33a8b74b2b90e9f50d11fcf25d8270ea525ad71a25374ff7
    # via fastapi
threadpoolctl==3.7.0 \
    --hash=sha256:61348cfb77d53b9242e0017029244b559b810c142ced65b4e21eeca1843959a7 \
    --hash=sha256:cd8b60b5641b45c67bbf73c64c843235fc2d8a480c87389f52f5dbee893b86be
    # via scikit-learn
typing-extensions==4.16.0 \
    --hash=sha256:481caa481374e813c1b176ada14e97f1f67a4539ce9cfeb3f350d78d6370c2e8 \
    --hash=sha256:dc983d19a509c94dba722ee6abd33940f7c05a89e243c47e907eb4db6f1a43e5
    # via
    #   anyio
    #   fastapi
    #   pydantic
    #   pydantic-core
uvicorn==0.34.0 \
    --hash=sha256:023dc038422502fa28a09c7a30bf2b6991512da7dcdb8fd35fe57cfc154126f4 \
    --hash=sha256:404051050cd7e905de2c9a7e61790943440b3416f49cb409f965d9dcd0fa73e9
    # via -r machine-learning/requirements.txt
xgboost==2.1.3 \
    --hash=sha256:25c0ffcbd62aac5bc22c79e08b5b2edad1d5e37f16610ebefa5f06f3e2ea3d96 \
    --hash=sha256:27af88df1162cee016c67f267a0a16c3db1c48f256e12f64c45c8f8edf9571cd \
    --hash=sha256:32a43526208fe676527c698cb852e0e9515e6d7294143780e476d335290a131b \
    --hash=sha256:5d33090880f3d474f8cf5dda557c7bf8dbceefb62f2fd655c77efcabb9cac222 \
    --hash=sha256:7699ec4226156887d3afc665c63ab87469db9d46e361c702ba9fccd22535730c \
    --hash=sha256:8d85d38553855a1f8c40b8fbccca86af19202f91b244e2c7f77afbb2a6d9d785 \
    --hash=sha256:c9b0c92f13e3650e1e1cf92ff9ecef3efc6f5dc3d10ce17858df2081a89976ef \
    --hash=sha256:fcbf1912a852bd07a7007be350c8dc3a484c5e775b612f2b3cd082fc76240eb3
    # via -r machine-learning/requirements.txt
